
Microsoft Visual Studio Solution File, Format Version 12.00
# Visual Studio Version 16
VisualStudioVersion = 16.0.30523.141
MinimumVisualStudioVersion = 10.0.40219.1
Project("{FAE04EC0-301F-11D3-BF4B-00C04F79EFBC}") = "ClassicModels", "ClassicModels\ClassicModels.csproj", "{A0F38EFD-E5BD-46EC-9F58-128479547F51}"
EndProject
Project("{FAE04EC0-301F-11D3-BF4B-00C04F79EFBC}") = "CustomerOrder", "CustomerOrder\CustomerOrder.csproj", "{881C593A-DBA3-49E9-B3E5-5F408ED1AB28}"
EndProject
Global
	GlobalSection(SolutionConfigurationPlatforms) = preSolution
		Debug|Any CPU = Debug|Any CPU
		Release|Any CPU = Release|Any CPU
	EndGlobalSection
	GlobalSection(ProjectConfigurationPlatforms) = postSolution
		{A0F38EFD-E5BD-46EC-9F58-128479547F51}.Debug|Any CPU.ActiveCfg = Debug|Any CPU
		{A0F38EFD-E5BD-46EC-9F58-128479547F51}.Debug|Any CPU.Build.0 = Debug|Any CPU
		{A0F38EFD-E5BD-46EC-9F58-128479547F51}.Release|Any CPU.ActiveCfg = Release|Any CPU
		{A0F38EFD-E5BD-46EC-9F58-128479547F51}.Release|Any CPU.Build.0 = Release|Any CPU
		{881C593A-DBA3-49E9-B3E5-5F408ED1AB28}.Debug|Any CPU.ActiveCfg = Debug|Any CPU
		{881C593A-DBA3-49E9-B3E5-5F408ED1AB28}.Debug|Any CPU.Build.0 = Debug|Any CPU
		{881C593A-DBA3-49E9-B3E5-5F408ED1AB28}.Release|Any CPU.ActiveCfg = Release|Any CPU
		{881C593A-DBA3-49E9-B3E5-5F408ED1AB28}.Release|Any CPU.Build.0 = Release|Any CPU
	EndGlobalSection
	GlobalSection(SolutionProperties) = preSolution
		HideSolutionNode = FALSE
	EndGlobalSection
	GlobalSection(ExtensibilityGlobals) = postSolution
		SolutionGuid = {FCA9C9D8-BA54-464E-8222-180E5D5B3A85}
	EndGlobalSection
EndGlobal
